
Microsoft Visual Studio Solution File, Format Version 12.00
# Visual Studio Version 17
VisualStudioVersion = 17.1.32421.90
MinimumVisualStudioVersion = 10.0.40219.1
Project("{FAE04EC0-301F-11D3-BF4B-00C04F79EFBC}") = "StartupRoutine", "StartupRoutine\StartupRoutine.csproj", "{37547F9B-57D5-4BBF-AAB0-5F08D676FCFB}"
EndProject
Global
	GlobalSection(SolutionConfigurationPlatforms) = preSolution
		Debug|Any CPU = Debug|Any CPU
		Release|Any CPU = Release|Any CPU
	EndGlobalSection
	GlobalSection(ProjectConfigurationPlatforms) = postSolution
		{37547F9B-57D5-4BBF-AAB0-5F08D676FCFB}.Debug|Any CPU.ActiveCfg = Debug|Any CPU
		{37547F9B-57D5-4BBF-AAB0-5F08D676FCFB}.Debug|Any CPU.Build.0 = Debug|Any CPU
		{37547F9B-57D5-4BBF-AAB0-5F08D676FCFB}.Release|Any CPU.ActiveCfg = Release|Any CPU
		{37547F9B-57D5-4BBF-AAB0-5F08D676FCFB}.Release|Any CPU.Build.0 = Release|Any CPU
	EndGlobalSection
	GlobalSection(SolutionProperties) = preSolution
		HideSolutionNode = FALSE
	EndGlobalSection
	GlobalSection(ExtensibilityGlobals) = postSolution
		SolutionGuid = {732A86A0-7336-4CEE-AB7E-40530030EB22}
	EndGlobalSection
EndGlobal
